
Microsoft Visual Studio Solution File, Format Version 12.00
# Visual Studio 15
VisualStudioVersion = 15.0.27703.2035
MinimumVisualStudioVersion = 10.0.40219.1
Project("{9A19103F-16F7-4668-BE54-9A1E7A4F7556}") = "Flashycard", "Flashycard\Flashycard.csproj", "{FC0AD730-46FB-4092-8340-E7ADC7BAFAE2}"
EndProject
Project("{9A19103F-16F7-4668-BE54-9A1E7A4F7556}") = "FlashyCards.RemoteAPI.Message", "FlashyCards.RemoteAPI.Message\FlashyCards.RemoteAPI.Message.csproj", "{D93D9179-3EF0-4F44-A5E7-20F9EC14C4A8}"
EndProject
Project("{9A19103F-16F7-4668-BE54-9A1E7A4F7556}") = "FlashyTest", "FlashyTest\FlashyTest.csproj", "{41B4817F-C0A0-462C-9E59-F88A28EBB4D9}"
EndProject
Project("{E53339B2-1760-4266-BCC7-CA923CBCF16C}") = "docker-compose", "docker-compose.dcproj", "{38D369A3-0698-4AAD-AACA-84BFBDA6B537}"
EndProject
Global
	GlobalSection(SolutionConfigurationPlatforms) = preSolution
		Debug|Any CPU = Debug|Any CPU
		Release|Any CPU = Release|Any CPU
	EndGlobalSection
	GlobalSection(ProjectConfigurationPlatforms) = postSolution
		{FC0AD730-46FB-4092-8340-E7ADC7BAFAE2}.Debug|Any CPU.ActiveCfg = Debug|Any CPU
		{FC0AD730-46FB-4092-8340-E7ADC7BAFAE2}.Debug|Any CPU.Build.0 = Debug|Any CPU
		{FC0AD730-46FB-4092-8340-E7ADC7BAFAE2}.Release|Any CPU.ActiveCfg = Release|Any CPU
		{FC0AD730-46FB-4092-8340-E7ADC7BAFAE2}.Release|Any CPU.Build.0 = Release|Any CPU
		{D93D9179-3EF0-4F44-A5E7-20F9EC14C4A8}.Debug|Any CPU.ActiveCfg = Debug|Any CPU
		{D93D9179-3EF0-4F44-A5E7-20F9EC14C4A8}.Debug|Any CPU.Build.0 = Debug|Any CPU
		{D93D9179-3EF0-4F44-A5E7-20F9EC14C4A8}.Release|Any CPU.ActiveCfg = Release|Any CPU
		{D93D9179-3EF0-4F44-A5E7-20F9EC14C4A8}.Release|Any CPU.Build.0 = Release|Any CPU
		{41B4817F-C0A0-462C-9E59-F88A28EBB4D9}.Debug|Any CPU.ActiveCfg = Debug|Any CPU
		{41B4817F-C0A0-462C-9E59-F88A28EBB4D9}.Debug|Any CPU.Build.0 = Debug|Any CPU
		{41B4817F-C0A0-462C-9E59-F88A28EBB4D9}.Release|Any CPU.ActiveCfg = Release|Any CPU
		{41B4817F-C0A0-462C-9E59-F88A28EBB4D9}.Release|Any CPU.Build.0 = Release|Any CPU
		{38D369A3-0698-4AAD-AACA-84BFBDA6B537}.Debug|Any CPU.ActiveCfg = Debug|Any CPU
		{38D369A3-0698-4AAD-AACA-84BFBDA6B537}.Debug|Any CPU.Build.0 = Debug|Any CPU
		{38D369A3-0698-4AAD-AACA-84BFBDA6B537}.Release|Any CPU.ActiveCfg = Release|Any CPU
		{38D369A3-0698-4AAD-AACA-84BFBDA6B537}.Release|Any CPU.Build.0 = Release|Any CPU
	EndGlobalSection
	GlobalSection(SolutionProperties) = preSolution
		HideSolutionNode = FALSE
	EndGlobalSection
	GlobalSection(ExtensibilityGlobals) = postSolution
		SolutionGuid = {F2CC6E88-F009-4E93-B3A6-D9DE260C2D11}
	EndGlobalSection
EndGlobal
